
Microsoft Visual Studio Solution File, Format Version 12.00
# Visual Studio Version 17
VisualStudioVersion = 17.0.32014.148
MinimumVisualStudioVersion = 10.0.40219.1
Project("{9A19103F-16F7-4668-BE54-9A1E7A4F7556}") = "ShComp_Core3_1", "ShComp_Core3_1\ShComp_Core3_1.csproj", "{C00BCA03-1373-45F5-B5FB-520A7713B08D}"
EndProject
Project("{9A19103F-16F7-4668-BE54-9A1E7A4F7556}") = "ShComp", "ShComp\ShComp.csproj", "{E4880B70-0C1F-427D-A88F-18FC49C29C8B}"
EndProject
Project("{9A19103F-16F7-4668-BE54-9A1E7A4F7556}") = "ShComp.Test", "ShComp.Test\ShComp.Test.csproj", "{1D28106E-D8C9-4681-A787-C1BAFF86C9C7}"
EndProject
Project("{9A19103F-16F7-4668-BE54-9A1E7A4F7556}") = "ShComp.Updater", "ShComp.Updater\ShComp.Updater.csproj", "{8448F666-EA6A-4924-A3C9-19060924E9CA}"
EndProject
Project("{FAE04EC0-301F-11D3-BF4B-00C04F79EFBC}") = "ShComp.Utils", "ShComp.Utils\ShComp.Utils.csproj", "{BEF37125-C789-479F-8450-BDBEAF1EBC74}"
EndProject
Global
	GlobalSection(SolutionConfigurationPlatforms) = preSolution
		Debug|Any CPU = Debug|Any CPU
		Release|Any CPU = Release|Any CPU
	EndGlobalSection
	GlobalSection(ProjectConfigurationPlatforms) = postSolution
		{C00BCA03-1373-45F5-B5FB-520A7713B08D}.Debug|Any CPU.ActiveCfg = Debug|Any CPU
		{C00BCA03-1373-45F5-B5FB-520A7713B08D}.Debug|Any CPU.Build.0 = Debug|Any CPU
		{C00BCA03-1373-45F5-B5FB-520A7713B08D}.Release|Any CPU.ActiveCfg = Release|Any CPU
		{C00BCA03-1373-45F5-B5FB-520A7713B08D}.Release|Any CPU.Build.0 = Release|Any CPU
		{E4880B70-0C1F-427D-A88F-18FC49C29C8B}.Debug|Any CPU.ActiveCfg = Debug|Any CPU
		{E4880B70-0C1F-427D-A88F-18FC49C29C8B}.Debug|Any CPU.Build.0 = Debug|Any CPU
		{E4880B70-0C1F-427D-A88F-18FC49C29C8B}.Release|Any CPU.ActiveCfg = Release|Any CPU
		{E4880B70-0C1F-427D-A88F-18FC49C29C8B}.Release|Any CPU.Build.0 = Release|Any CPU
		{1D28106E-D8C9-4681-A787-C1BAFF86C9C7}.Debug|Any CPU.ActiveCfg = Debug|Any CPU
		{1D28106E-D8C9-4681-A787-C1BAFF86C9C7}.Debug|Any CPU.Build.0 = Debug|Any CPU
		{1D28106E-D8C9-4681-A787-C1BAFF86C9C7}.Release|Any CPU.ActiveCfg = Release|Any CPU
		{1D28106E-D8C9-4681-A787-C1BAFF86C9C7}.Release|Any CPU.Build.0 = Release|Any CPU
		{8448F666-EA6A-4924-A3C9-19060924E9CA}.Debug|Any CPU.ActiveCfg = Debug|Any CPU
		{8448F666-EA6A-4924-A3C9-19060924E9CA}.Debug|Any CPU.Build.0 = Debug|Any CPU
		{8448F666-EA6A-4924-A3C9-19060924E9CA}.Release|Any CPU.ActiveCfg = Release|Any CPU
		{8448F666-EA6A-4924-A3C9-19060924E9CA}.Release|Any CPU.Build.0 = Release|Any CPU
		{BEF37125-C789-479F-8450-BDBEAF1EBC74}.Debug|Any CPU.ActiveCfg = Debug|Any CPU
		{BEF37125-C789-479F-8450-BDBEAF1EBC74}.Debug|Any CPU.Build.0 = Debug|Any CPU
		{BEF37125-C789-479F-8450-BDBEAF1EBC74}.Release|Any CPU.ActiveCfg = Release|Any CPU
		{BEF37125-C789-479F-8450-BDBEAF1EBC74}.Release|Any CPU.Build.0 = Release|Any CPU
	EndGlobalSection
	GlobalSection(SolutionProperties) = preSolution
		HideSolutionNode = FALSE
	EndGlobalSection
	GlobalSection(ExtensibilityGlobals) = postSolution
		SolutionGuid = {E529622E-F80B-4334-B1B3-4BAB165B86CC}
	EndGlobalSection
EndGlobal
