
Microsoft Visual Studio Solution File, Format Version 12.00
# Visual Studio Version 16
VisualStudioVersion = 16.0.30128.74
MinimumVisualStudioVersion = 10.0.40219.1
Project("{FAE04EC0-301F-11D3-BF4B-00C04F79EFBC}") = "ShComp_Core3_1", "ShComp_Core3_1\ShComp_Core3_1.csproj", "{C00BCA03-1373-45F5-B5FB-520A7713B08D}"
EndProject
Global
	GlobalSection(SolutionConfigurationPlatforms) = preSolution
		Debug|Any CPU = Debug|Any CPU
		Release|Any CPU = Release|Any CPU
	EndGlobalSection
	GlobalSection(ProjectConfigurationPlatforms) = postSolution
		{C00BCA03-1373-45F5-B5FB-520A7713B08D}.Debug|Any CPU.ActiveCfg = Debug|Any CPU
		{C00BCA03-1373-45F5-B5FB-520A7713B08D}.Debug|Any CPU.Build.0 = Debug|Any CPU
		{C00BCA03-1373-45F5-B5FB-520A7713B08D}.Release|Any CPU.ActiveCfg = Release|Any CPU
		{C00BCA03-1373-45F5-B5FB-520A7713B08D}.Release|Any CPU.Build.0 = Release|Any CPU
	EndGlobalSection
	GlobalSection(SolutionProperties) = preSolution
		HideSolutionNode = FALSE
	EndGlobalSection
	GlobalSection(ExtensibilityGlobals) = postSolution
		SolutionGuid = {E529622E-F80B-4334-B1B3-4BAB165B86CC}
	EndGlobalSection
EndGlobal
